
Microsoft Visual Studio Solution File, Format Version 12.00
# Visual Studio 2013
VisualStudioVersion = 12.0.21005.1
MinimumVisualStudioVersion = 10.0.40219.1
Project("{8BC9CEB8-8B4A-11D0-8D11-00A0C91BC942}") = "ADT_matvarden", "ADT\ADT.vcxproj", "{1A3279A8-AB11-4DD7-ABCF-5FB46C547F17}"
EndProject
Project("{8BC9CEB8-8B4A-11D0-8D11-00A0C91BC942}") = "ADT_glosor", "ADT_glosor\ADT_glosor.vcxproj", "{5ADCBD71-BFB0-486C-8B23-76643DD02AB1}"
EndProject
Project("{8BC9CEB8-8B4A-11D0-8D11-00A0C91BC942}") = "Fakultetsberäkning", "Fakultetsberäkning\Fakultetsberäkning.vcxproj", "{D4E1F9EA-8FCD-41F2-B606-B2BE1FEA273D}"
EndProject
Project("{8BC9CEB8-8B4A-11D0-8D11-00A0C91BC942}") = "forward_list_test", "forward_list_test\forward_list_test.vcxproj", "{8B64CD2C-CC32-418D-AA20-D08C2CC2FAF7}"
EndProject
Project("{8BC9CEB8-8B4A-11D0-8D11-00A0C91BC942}") = "komplexitetsteori", "komplexitetsteori\komplexitetsteori.vcxproj", "{D583BE98-AF1F-4287-92B1-0BBBC55F3848}"
EndProject
Project("{8BC9CEB8-8B4A-11D0-8D11-00A0C91BC942}") = "forward_list", "forward_list\forward_list.vcxproj", "{A5161180-77AF-4F88-9AF7-FC1A55D7E680}"
EndProject
Project("{8BC9CEB8-8B4A-11D0-8D11-00A0C91BC942}") = "tentamen_version1", "tentamen_version1\tentamen_version1.vcxproj", "{3BEB1BCC-61B9-48EE-9309-F0FCFA2C5FB4}"
EndProject
Project("{8BC9CEB8-8B4A-11D0-8D11-00A0C91BC942}") = "tentamen_version2", "tentamen_version2\tentamen_version2.vcxproj", "{EB954D02-B370-49B2-9334-9B4811DFD3B7}"
EndProject
Project("{8BC9CEB8-8B4A-11D0-8D11-00A0C91BC942}") = "Dejt", "Dejt\Dejt.vcxproj", "{511D6ED1-8C04-4255-ADDD-BBA01D660D9F}"
EndProject
Project("{8BC9CEB8-8B4A-11D0-8D11-00A0C91BC942}") = "tentamen_version5", "tentamen_version5\tentamen_version5.vcxproj", "{BB006B8F-2936-4BCF-A473-C2E6247F15F3}"
EndProject
Project("{8BC9CEB8-8B4A-11D0-8D11-00A0C91BC942}") = "tentamen_version3", "tentamen_version3\tentamen_version3.vcxproj", "{9BDE8FCE-B6A6-4D46-90B8-D279654BE339}"
EndProject
Project("{8BC9CEB8-8B4A-11D0-8D11-00A0C91BC942}") = "tentamen_version6", "tentamen_version6\tentamen_version6.vcxproj", "{A16DC087-D216-4488-AD82-1803E0EE59A9}"
EndProject
Project("{8BC9CEB8-8B4A-11D0-8D11-00A0C91BC942}") = "Trådprogrammering", "Trådprogrammering\doa.vcxproj", "{FDD3C9F1-D52D-4980-8372-633D49BB577B}"
EndProject
Project("{FAE04EC0-301F-11D3-BF4B-00C04F79EFBC}") = "LinkedList", "LinkedList\LinkedList.csproj", "{FD015FFA-9C5A-4A92-952C-F1075A1C8433}"
EndProject
Project("{FAE04EC0-301F-11D3-BF4B-00C04F79EFBC}") = "LinkedList_TEST", "LinkedList_TEST\LinkedList_TEST.csproj", "{B4EAAB1B-7191-41B6-B2AC-644525B71F63}"
EndProject
Global
	GlobalSection(SolutionConfigurationPlatforms) = preSolution
		Debug|Any CPU = Debug|Any CPU
		Debug|Mixed Platforms = Debug|Mixed Platforms
		Debug|Win32 = Debug|Win32
		Release|Any CPU = Release|Any CPU
		Release|Mixed Platforms = Release|Mixed Platforms
		Release|Win32 = Release|Win32
	EndGlobalSection
	GlobalSection(ProjectConfigurationPlatforms) = postSolution
		{1A3279A8-AB11-4DD7-ABCF-5FB46C547F17}.Debug|Any CPU.ActiveCfg = Debug|Win32
		{1A3279A8-AB11-4DD7-ABCF-5FB46C547F17}.Debug|Mixed Platforms.ActiveCfg = Debug|Win32
		{1A3279A8-AB11-4DD7-ABCF-5FB46C547F17}.Debug|Mixed Platforms.Build.0 = Debug|Win32
		{1A3279A8-AB11-4DD7-ABCF-5FB46C547F17}.Debug|Win32.ActiveCfg = Debug|Win32
		{1A3279A8-AB11-4DD7-ABCF-5FB46C547F17}.Debug|Win32.Build.0 = Debug|Win32
		{1A3279A8-AB11-4DD7-ABCF-5FB46C547F17}.Release|Any CPU.ActiveCfg = Release|Win32
		{1A3279A8-AB11-4DD7-ABCF-5FB46C547F17}.Release|Mixed Platforms.ActiveCfg = Release|Win32
		{1A3279A8-AB11-4DD7-ABCF-5FB46C547F17}.Release|Mixed Platforms.Build.0 = Release|Win32
		{1A3279A8-AB11-4DD7-ABCF-5FB46C547F17}.Release|Win32.ActiveCfg = Release|Win32
		{1A3279A8-AB11-4DD7-ABCF-5FB46C547F17}.Release|Win32.Build.0 = Release|Win32
		{5ADCBD71-BFB0-486C-8B23-76643DD02AB1}.Debug|Any CPU.ActiveCfg = Debug|Win32
		{5ADCBD71-BFB0-486C-8B23-76643DD02AB1}.Debug|Mixed Platforms.ActiveCfg = Debug|Win32
		{5ADCBD71-BFB0-486C-8B23-76643DD02AB1}.Debug|Mixed Platforms.Build.0 = Debug|Win32
		{5ADCBD71-BFB0-486C-8B23-76643DD02AB1}.Debug|Win32.ActiveCfg = Debug|Win32
		{5ADCBD71-BFB0-486C-8B23-76643DD02AB1}.Debug|Win32.Build.0 = Debug|Win32
		{5ADCBD71-BFB0-486C-8B23-76643DD02AB1}.Release|Any CPU.ActiveCfg = Release|Win32
		{5ADCBD71-BFB0-486C-8B23-76643DD02AB1}.Release|Mixed Platforms.ActiveCfg = Release|Win32
		{5ADCBD71-BFB0-486C-8B23-76643DD02AB1}.Release|Mixed Platforms.Build.0 = Release|Win32
		{5ADCBD71-BFB0-486C-8B23-76643DD02AB1}.Release|Win32.ActiveCfg = Release|Win32
		{5ADCBD71-BFB0-486C-8B23-76643DD02AB1}.Release|Win32.Build.0 = Release|Win32
		{D4E1F9EA-8FCD-41F2-B606-B2BE1FEA273D}.Debug|Any CPU.ActiveCfg = Debug|Win32
		{D4E1F9EA-8FCD-41F2-B606-B2BE1FEA273D}.Debug|Mixed Platforms.ActiveCfg = Debug|Win32
		{D4E1F9EA-8FCD-41F2-B606-B2BE1FEA273D}.Debug|Mixed Platforms.Build.0 = Debug|Win32
		{D4E1F9EA-8FCD-41F2-B606-B2BE1FEA273D}.Debug|Win32.ActiveCfg = Debug|Win32
		{D4E1F9EA-8FCD-41F2-B606-B2BE1FEA273D}.Debug|Win32.Build.0 = Debug|Win32
		{D4E1F9EA-8FCD-41F2-B606-B2BE1FEA273D}.Release|Any CPU.ActiveCfg = Release|Win32
		{D4E1F9EA-8FCD-41F2-B606-B2BE1FEA273D}.Release|Mixed Platforms.ActiveCfg = Release|Win32
		{D4E1F9EA-8FCD-41F2-B606-B2BE1FEA273D}.Release|Mixed Platforms.Build.0 = Release|Win32
		{D4E1F9EA-8FCD-41F2-B606-B2BE1FEA273D}.Release|Win32.ActiveCfg = Release|Win32
		{D4E1F9EA-8FCD-41F2-B606-B2BE1FEA273D}.Release|Win32.Build.0 = Release|Win32
		{8B64CD2C-CC32-418D-AA20-D08C2CC2FAF7}.Debug|Any CPU.ActiveCfg = Debug|Win32
		{8B64CD2C-CC32-418D-AA20-D08C2CC2FAF7}.Debug|Mixed Platforms.ActiveCfg = Debug|Win32
		{8B64CD2C-CC32-418D-AA20-D08C2CC2FAF7}.Debug|Mixed Platforms.Build.0 = Debug|Win32
		{8B64CD2C-CC32-418D-AA20-D08C2CC2FAF7}.Debug|Win32.ActiveCfg = Debug|Win32
		{8B64CD2C-CC32-418D-AA20-D08C2CC2FAF7}.Debug|Win32.Build.0 = Debug|Win32
		{8B64CD2C-CC32-418D-AA20-D08C2CC2FAF7}.Release|Any CPU.ActiveCfg = Release|Win32
		{8B64CD2C-CC32-418D-AA20-D08C2CC2FAF7}.Release|Mixed Platforms.ActiveCfg = Release|Win32
		{8B64CD2C-CC32-418D-AA20-D08C2CC2FAF7}.Release|Mixed Platforms.Build.0 = Release|Win32
		{8B64CD2C-CC32-418D-AA20-D08C2CC2FAF7}.Release|Win32.ActiveCfg = Release|Win32
		{8B64CD2C-CC32-418D-AA20-D08C2CC2FAF7}.Release|Win32.Build.0 = Release|Win32
		{D583BE98-AF1F-4287-92B1-0BBBC55F3848}.Debug|Any CPU.ActiveCfg = Debug|Win32
		{D583BE98-AF1F-4287-92B1-0BBBC55F3848}.Debug|Mixed Platforms.ActiveCfg = Debug|Win32
		{D583BE98-AF1F-4287-92B1-0BBBC55F3848}.Debug|Mixed Platforms.Build.0 = Debug|Win32
		{D583BE98-AF1F-4287-92B1-0BBBC55F3848}.Debug|Win32.ActiveCfg = Debug|Win32
		{D583BE98-AF1F-4287-92B1-0BBBC55F3848}.Debug|Win32.Build.0 = Debug|Win32
		{D583BE98-AF1F-4287-92B1-0BBBC55F3848}.Release|Any CPU.ActiveCfg = Release|Win32
		{D583BE98-AF1F-4287-92B1-0BBBC55F3848}.Release|Mixed Platforms.ActiveCfg = Release|Win32
		{D583BE98-AF1F-4287-92B1-0BBBC55F3848}.Release|Mixed Platforms.Build.0 = Release|Win32
		{D583BE98-AF1F-4287-92B1-0BBBC55F3848}.Release|Win32.ActiveCfg = Release|Win32
		{D583BE98-AF1F-4287-92B1-0BBBC55F3848}.Release|Win32.Build.0 = Release|Win32
		{A5161180-77AF-4F88-9AF7-FC1A55D7E680}.Debug|Any CPU.ActiveCfg = Debug|Win32
		{A5161180-77AF-4F88-9AF7-FC1A55D7E680}.Debug|Mixed Platforms.ActiveCfg = Debug|Win32
		{A5161180-77AF-4F88-9AF7-FC1A55D7E680}.Debug|Mixed Platforms.Build.0 = Debug|Win32
		{A5161180-77AF-4F88-9AF7-FC1A55D7E680}.Debug|Win32.ActiveCfg = Debug|Win32
		{A5161180-77AF-4F88-9AF7-FC1A55D7E680}.Debug|Win32.Build.0 = Debug|Win32
		{A5161180-77AF-4F88-9AF7-FC1A55D7E680}.Release|Any CPU.ActiveCfg = Release|Win32
		{A5161180-77AF-4F88-9AF7-FC1A55D7E680}.Release|Mixed Platforms.ActiveCfg = Release|Win32
		{A5161180-77AF-4F88-9AF7-FC1A55D7E680}.Release|Mixed Platforms.Build.0 = Release|Win32
		{A5161180-77AF-4F88-9AF7-FC1A55D7E680}.Release|Win32.ActiveCfg = Release|Win32
		{A5161180-77AF-4F88-9AF7-FC1A55D7E680}.Release|Win32.Build.0 = Release|Win32
		{3BEB1BCC-61B9-48EE-9309-F0FCFA2C5FB4}.Debug|Any CPU.ActiveCfg = Debug|Win32
		{3BEB1BCC-61B9-48EE-9309-F0FCFA2C5FB4}.Debug|Mixed Platforms.ActiveCfg = Debug|Win32
		{3BEB1BCC-61B9-48EE-9309-F0FCFA2C5FB4}.Debug|Mixed Platforms.Build.0 = Debug|Win32
		{3BEB1BCC-61B9-48EE-9309-F0FCFA2C5FB4}.Debug|Win32.ActiveCfg = Debug|Win32
		{3BEB1BCC-61B9-48EE-9309-F0FCFA2C5FB4}.Debug|Win32.Build.0 = Debug|Win32
		{3BEB1BCC-61B9-48EE-9309-F0FCFA2C5FB4}.Release|Any CPU.ActiveCfg = Release|Win32
		{3BEB1BCC-61B9-48EE-9309-F0FCFA2C5FB4}.Release|Mixed Platforms.ActiveCfg = Release|Win32
		{3BEB1BCC-61B9-48EE-9309-F0FCFA2C5FB4}.Release|Mixed Platforms.Build.0 = Release|Win32
		{3BEB1BCC-61B9-48EE-9309-F0FCFA2C5FB4}.Release|Win32.ActiveCfg = Release|Win32
		{3BEB1BCC-61B9-48EE-9309-F0FCFA2C5FB4}.Release|Win32.Build.0 = Release|Win32
		{EB954D02-B370-49B2-9334-9B4811DFD3B7}.Debug|Any CPU.ActiveCfg = Debug|Win32
		{EB954D02-B370-49B2-9334-9B4811DFD3B7}.Debug|Mixed Platforms.ActiveCfg = Debug|Win32
		{EB954D02-B370-49B2-9334-9B4811DFD3B7}.Debug|Mixed Platforms.Build.0 = Debug|Win32
		{EB954D02-B370-49B2-9334-9B4811DFD3B7}.Debug|Win32.ActiveCfg = Debug|Win32
		{EB954D02-B370-49B2-9334-9B4811DFD3B7}.Debug|Win32.Build.0 = Debug|Win32
		{EB954D02-B370-49B2-9334-9B4811DFD3B7}.Release|Any CPU.ActiveCfg = Release|Win32
		{EB954D02-B370-49B2-9334-9B4811DFD3B7}.Release|Mixed Platforms.ActiveCfg = Release|Win32
		{EB954D02-B370-49B2-9334-9B4811DFD3B7}.Release|Mixed Platforms.Build.0 = Release|Win32
		{EB954D02-B370-49B2-9334-9B4811DFD3B7}.Release|Win32.ActiveCfg = Release|Win32
		{EB954D02-B370-49B2-9334-9B4811DFD3B7}.Release|Win32.Build.0 = Release|Win32
		{511D6ED1-8C04-4255-ADDD-BBA01D660D9F}.Debug|Any CPU.ActiveCfg = Debug|Win32
		{511D6ED1-8C04-4255-ADDD-BBA01D660D9F}.Debug|Mixed Platforms.ActiveCfg = Debug|Win32
		{511D6ED1-8C04-4255-ADDD-BBA01D660D9F}.Debug|Mixed Platforms.Build.0 = Debug|Win32
		{511D6ED1-8C04-4255-ADDD-BBA01D660D9F}.Debug|Win32.ActiveCfg = Debug|Win32
		{511D6ED1-8C04-4255-ADDD-BBA01D660D9F}.Debug|Win32.Build.0 = Debug|Win32
		{511D6ED1-8C04-4255-ADDD-BBA01D660D9F}.Release|Any CPU.ActiveCfg = Release|Win32
		{511D6ED1-8C04-4255-ADDD-BBA01D660D9F}.Release|Mixed Platforms.ActiveCfg = Release|Win32
		{511D6ED1-8C04-4255-ADDD-BBA01D660D9F}.Release|Mixed Platforms.Build.0 = Release|Win32
		{511D6ED1-8C04-4255-ADDD-BBA01D660D9F}.Release|Win32.ActiveCfg = Release|Win32
		{511D6ED1-8C04-4255-ADDD-BBA01D660D9F}.Release|Win32.Build.0 = Release|Win32
		{BB006B8F-2936-4BCF-A473-C2E6247F15F3}.Debug|Any CPU.ActiveCfg = Debug|Win32
		{BB006B8F-2936-4BCF-A473-C2E6247F15F3}.Debug|Mixed Platforms.ActiveCfg = Debug|Win32
		{BB006B8F-2936-4BCF-A473-C2E6247F15F3}.Debug|Mixed Platforms.Build.0 = Debug|Win32
		{BB006B8F-2936-4BCF-A473-C2E6247F15F3}.Debug|Win32.ActiveCfg = Debug|Win32
		{BB006B8F-2936-4BCF-A473-C2E6247F15F3}.Debug|Win32.Build.0 = Debug|Win32
		{BB006B8F-2936-4BCF-A473-C2E6247F15F3}.Release|Any CPU.ActiveCfg = Release|Win32
		{BB006B8F-2936-4BCF-A473-C2E6247F15F3}.Release|Mixed Platforms.ActiveCfg = Release|Win32
		{BB006B8F-2936-4BCF-A473-C2E6247F15F3}.Release|Mixed Platforms.Build.0 = Release|Win32
		{BB006B8F-2936-4BCF-A473-C2E6247F15F3}.Release|Win32.ActiveCfg = Release|Win32
		{BB006B8F-2936-4BCF-A473-C2E6247F15F3}.Release|Win32.Build.0 = Release|Win32
		{9BDE8FCE-B6A6-4D46-90B8-D279654BE339}.Debug|Any CPU.ActiveCfg = Debug|Win32
		{9BDE8FCE-B6A6-4D46-90B8-D279654BE339}.Debug|Mixed Platforms.ActiveCfg = Debug|Win32
		{9BDE8FCE-B6A6-4D46-90B8-D279654BE339}.Debug|Mixed Platforms.Build.0 = Debug|Win32
		{9BDE8FCE-B6A6-4D46-90B8-D279654BE339}.Debug|Win32.ActiveCfg = Debug|Win32
		{9BDE8FCE-B6A6-4D46-90B8-D279654BE339}.Debug|Win32.Build.0 = Debug|Win32
		{9BDE8FCE-B6A6-4D46-90B8-D279654BE339}.Release|Any CPU.ActiveCfg = Release|Win32
		{9BDE8FCE-B6A6-4D46-90B8-D279654BE339}.Release|Mixed Platforms.ActiveCfg = Release|Win32
		{9BDE8FCE-B6A6-4D46-90B8-D279654BE339}.Release|Mixed Platforms.Build.0 = Release|Win32
		{9BDE8FCE-B6A6-4D46-90B8-D279654BE339}.Release|Win32.ActiveCfg = Release|Win32
		{9BDE8FCE-B6A6-4D46-90B8-D279654BE339}.Release|Win32.Build.0 = Release|Win32
		{A16DC087-D216-4488-AD82-1803E0EE59A9}.Debug|Any CPU.ActiveCfg = Debug|Win32
		{A16DC087-D216-4488-AD82-1803E0EE59A9}.Debug|Mixed Platforms.ActiveCfg = Debug|Win32
		{A16DC087-D216-4488-AD82-1803E0EE59A9}.Debug|Mixed Platforms.Build.0 = Debug|Win32
		{A16DC087-D216-4488-AD82-1803E0EE59A9}.Debug|Win32.ActiveCfg = Debug|Win32
		{A16DC087-D216-4488-AD82-1803E0EE59A9}.Debug|Win32.Build.0 = Debug|Win32
		{A16DC087-D216-4488-AD82-1803E0EE59A9}.Release|Any CPU.ActiveCfg = Release|Win32
		{A16DC087-D216-4488-AD82-1803E0EE59A9}.Release|Mixed Platforms.ActiveCfg = Release|Win32
		{A16DC087-D216-4488-AD82-1803E0EE59A9}.Release|Mixed Platforms.Build.0 = Release|Win32
		{A16DC087-D216-4488-AD82-1803E0EE59A9}.Release|Win32.ActiveCfg = Release|Win32
		{A16DC087-D216-4488-AD82-1803E0EE59A9}.Release|Win32.Build.0 = Release|Win32
		{FDD3C9F1-D52D-4980-8372-633D49BB577B}.Debug|Any CPU.ActiveCfg = Debug|Win32
		{FDD3C9F1-D52D-4980-8372-633D49BB577B}.Debug|Mixed Platforms.ActiveCfg = Debug|Win32
		{FDD3C9F1-D52D-4980-8372-633D49BB577B}.Debug|Mixed Platforms.Build.0 = Debug|Win32
		{FDD3C9F1-D52D-4980-8372-633D49BB577B}.Debug|Win32.ActiveCfg = Debug|Win32
		{FDD3C9F1-D52D-4980-8372-633D49BB577B}.Debug|Win32.Build.0 = Debug|Win32
		{FDD3C9F1-D52D-4980-8372-633D49BB577B}.Release|Any CPU.ActiveCfg = Release|Win32
		{FDD3C9F1-D52D-4980-8372-633D49BB577B}.Release|Mixed Platforms.ActiveCfg = Release|Win32
		{FDD3C9F1-D52D-4980-8372-633D49BB577B}.Release|Mixed Platforms.Build.0 = Release|Win32
		{FDD3C9F1-D52D-4980-8372-633D49BB577B}.Release|Win32.ActiveCfg = Release|Win32
		{FDD3C9F1-D52D-4980-8372-633D49BB577B}.Release|Win32.Build.0 = Release|Win32
		{FD015FFA-9C5A-4A92-952C-F1075A1C8433}.Debug|Any CPU.ActiveCfg = Debug|Any CPU
		{FD015FFA-9C5A-4A92-952C-F1075A1C8433}.Debug|Any CPU.Build.0 = Debug|Any CPU
		{FD015FFA-9C5A-4A92-952C-F1075A1C8433}.Debug|Mixed Platforms.ActiveCfg = Debug|Any CPU
		{FD015FFA-9C5A-4A92-952C-F1075A1C8433}.Debug|Mixed Platforms.Build.0 = Debug|Any CPU
		{FD015FFA-9C5A-4A92-952C-F1075A1C8433}.Debug|Win32.ActiveCfg = Debug|Any CPU
		{FD015FFA-9C5A-4A92-952C-F1075A1C8433}.Release|Any CPU.ActiveCfg = Release|Any CPU
		{FD015FFA-9C5A-4A92-952C-F1075A1C8433}.Release|Any CPU.Build.0 = Release|Any CPU
		{FD015FFA-9C5A-4A92-952C-F1075A1C8433}.Release|Mixed Platforms.ActiveCfg = Release|Any CPU
		{FD015FFA-9C5A-4A92-952C-F1075A1C8433}.Release|Mixed Platforms.Build.0 = Release|Any CPU
		{FD015FFA-9C5A-4A92-952C-F1075A1C8433}.Release|Win32.ActiveCfg = Release|Any CPU
		{B4EAAB1B-7191-41B6-B2AC-644525B71F63}.Debug|Any CPU.ActiveCfg = Debug|Any CPU
		{B4EAAB1B-7191-41B6-B2AC-644525B71F63}.Debug|Any CPU.Build.0 = Debug|Any CPU
		{B4EAAB1B-7191-41B6-B2AC-644525B71F63}.Debug|Mixed Platforms.ActiveCfg = Debug|Any CPU
		{B4EAAB1B-7191-41B6-B2AC-644525B71F63}.Debug|Mixed Platforms.Build.0 = Debug|Any CPU
		{B4EAAB1B-7191-41B6-B2AC-644525B71F63}.Debug|Win32.ActiveCfg = Debug|Any CPU
		{B4EAAB1B-7191-41B6-B2AC-644525B71F63}.Release|Any CPU.ActiveCfg = Release|Any CPU
		{B4EAAB1B-7191-41B6-B2AC-644525B71F63}.Release|Any CPU.Build.0 = Release|Any CPU
		{B4EAAB1B-7191-41B6-B2AC-644525B71F63}.Release|Mixed Platforms.ActiveCfg = Release|Any CPU
		{B4EAAB1B-7191-41B6-B2AC-644525B71F63}.Release|Mixed Platforms.Build.0 = Release|Any CPU
		{B4EAAB1B-7191-41B6-B2AC-644525B71F63}.Release|Win32.ActiveCfg = Release|Any CPU
	EndGlobalSection
	GlobalSection(SolutionProperties) = preSolution
		HideSolutionNode = FALSE
	EndGlobalSection
EndGlobal
