<?xml version="1.0" encoding="utf-8"?>
<Project ToolsVersion="4.0" xmlns="http://schemas.microsoft.com/developer/msbuild/2003">
  <ItemGroup>
    <Filter Include="Source Files">
      <UniqueIdentifier>{4FC737F1-C7A5-4376-A066-2A32D752A2FF}</UniqueIdentifier>
      <Extensions>cpp;c;cc;cxx;def;odl;idl;hpj;bat;asm;asmx</Extensions>
    </Filter>
    <Filter Include="Header Files">
      <UniqueIdentifier>{93995380-89BD-4b04-88EB-625FBE52EBFB}</UniqueIdentifier>
      <Extensions>h;hpp;hxx;hm;inl;inc;xsd</Extensions>
    </Filter>
    <Filter Include="Resource Files">
      <UniqueIdentifier>{67DA6AB6-F800-4c08-8B7A-83BB121AAD01}</UniqueIdentifier>
      <Extensions>rc;ico;cur;bmp;dlg;rc2;rct;bin;rgs;gif;jpg;jpeg;jpe;resx;tiff;tif;png;wav;mfcribbon-ms</Extensions>
    </Filter>
    <Filter Include="Source Files\Algorithms">
      <UniqueIdentifier>{82368d06-f763-4f55-a8c8-2ff131d84242}</UniqueIdentifier>
    </Filter>
    <Filter Include="Source Files\Algorithms-Recursive">
      <UniqueIdentifier>{9dc8604c-4e6e-4df8-99d2-f2563f5b68ca}</UniqueIdentifier>
    </Filter>
    <Filter Include="Source Files\Time">
      <UniqueIdentifier>{32e01c90-22b0-43c6-b965-ce2240f4f2f2}</UniqueIdentifier>
    </Filter>
    <Filter Include="Source Files\Vector">
      <UniqueIdentifier>{7fda8637-3a34-47ca-a47c-e3b60a7ab8ae}</UniqueIdentifier>
    </Filter>
    <Filter Include="Source Files\Tree">
      <UniqueIdentifier>{2e1d4d16-0aeb-46c0-adf4-f98f19d31a08}</UniqueIdentifier>
    </Filter>
    <Filter Include="Source Files\Stack&amp;Queue">
      <UniqueIdentifier>{a17444ca-2743-45ae-977a-600236207704}</UniqueIdentifier>
    </Filter>
    <Filter Include="Source Files\Graphs">
      <UniqueIdentifier>{174ff560-a9c7-4013-b4b0-29ba861b2538}</UniqueIdentifier>
    </Filter>
    <Filter Include="Source Files\List">
      <UniqueIdentifier>{3ccf59fc-03c9-4060-92bf-91f99594e787}</UniqueIdentifier>
    </Filter>
    <Filter Include="Source Files\PriorityQueue">
      <UniqueIdentifier>{1c8de794-6eb6-4a35-96b4-60f3be4ca501}</UniqueIdentifier>
    </Filter>
  </ItemGroup>
  <ItemGroup>
    <ClInclude Include="execution_time_power.h">
      <Filter>Source Files\Algorithms</Filter>
    </ClInclude>
    <ClInclude Include="ArrayC.h">
      <Filter>Source Files\Algorithms-Recursive</Filter>
    </ClInclude>
    <ClInclude Include="Watch.h">
      <Filter>Source Files\Time</Filter>
    </ClInclude>
    <ClInclude Include="GeneralHashFunctions.h">
      <Filter>Header Files</Filter>
    </ClInclude>
  </ItemGroup>
  <ItemGroup>
    <ClCompile Include="main.cpp">
      <Filter>Source Files</Filter>
    </ClCompile>
    <ClCompile Include="execution_time_power.cpp">
      <Filter>Source Files\Algorithms</Filter>
    </ClCompile>
    <ClCompile Include="ArrayCmain.cpp">
      <Filter>Source Files\Algorithms-Recursive</Filter>
    </ClCompile>
    <ClCompile Include="Faculty.cpp">
      <Filter>Source Files\Algorithms-Recursive</Filter>
    </ClCompile>
    <ClCompile Include="reverse_string.cpp">
      <Filter>Source Files\Algorithms-Recursive</Filter>
    </ClCompile>
    <ClCompile Include="Fibonacci.cpp">
      <Filter>Source Files\Algorithms-Recursive</Filter>
    </ClCompile>
    <ClCompile Include="exercise_complexity.cpp">
      <Filter>Source Files\Algorithms</Filter>
    </ClCompile>
    <ClCompile Include="examples_tree.cpp">
      <Filter>Source Files\Tree</Filter>
    </ClCompile>
    <ClCompile Include="example_heap.cpp">
      <Filter>Source Files\Tree</Filter>
    </ClCompile>
    <ClCompile Include="Ways.cpp">
      <Filter>Source Files\Algorithms-Recursive</Filter>
    </ClCompile>
    <ClCompile Include="example_thread.cpp">
      <Filter>Source Files</Filter>
    </ClCompile>
    <ClCompile Include="example_maze.cpp">
      <Filter>Source Files\Stack&amp;Queue</Filter>
    </ClCompile>
    <ClCompile Include="graphs_one.cpp">
      <Filter>Source Files\Graphs</Filter>
    </ClCompile>
    <ClCompile Include="graphs_two.cpp">
      <Filter>Source Files\Graphs</Filter>
    </ClCompile>
    <ClCompile Include="graphs_three.cpp">
      <Filter>Source Files\Graphs</Filter>
    </ClCompile>
    <ClCompile Include="example_template_iterator_stack.cpp">
      <Filter>Source Files\Stack&amp;Queue</Filter>
    </ClCompile>
    <ClCompile Include="example_list.cpp">
      <Filter>Source Files\List</Filter>
    </ClCompile>
    <ClCompile Include="example_priority_queue.cpp">
      <Filter>Source Files\PriorityQueue</Filter>
    </ClCompile>
    <ClCompile Include="example_pqueue_maze.cpp">
      <Filter>Source Files\PriorityQueue</Filter>
    </ClCompile>
  </ItemGroup>
</Project>