
Microsoft Visual Studio Solution File, Format Version 12.00
# Visual Studio 2013
VisualStudioVersion = 12.0.21005.1
MinimumVisualStudioVersion = 10.0.40219.1
Project("{8BC9CEB8-8B4A-11D0-8D11-00A0C91BC942}") = "ADT_matvarden", "ADT\ADT.vcxproj", "{1A3279A8-AB11-4DD7-ABCF-5FB46C547F17}"
EndProject
Project("{8BC9CEB8-8B4A-11D0-8D11-00A0C91BC942}") = "ADT_glosor", "ADT_glosor\ADT_glosor.vcxproj", "{5ADCBD71-BFB0-486C-8B23-76643DD02AB1}"
EndProject
Project("{8BC9CEB8-8B4A-11D0-8D11-00A0C91BC942}") = "Fakultetsberäkning", "Fakultetsberäkning\Fakultetsberäkning.vcxproj", "{D4E1F9EA-8FCD-41F2-B606-B2BE1FEA273D}"
EndProject
Project("{8BC9CEB8-8B4A-11D0-8D11-00A0C91BC942}") = "forward_list_test", "forward_list_test\forward_list_test.vcxproj", "{8B64CD2C-CC32-418D-AA20-D08C2CC2FAF7}"
EndProject
Project("{8BC9CEB8-8B4A-11D0-8D11-00A0C91BC942}") = "komplexitetsteori", "komplexitetsteori\komplexitetsteori.vcxproj", "{D583BE98-AF1F-4287-92B1-0BBBC55F3848}"
EndProject
Project("{8BC9CEB8-8B4A-11D0-8D11-00A0C91BC942}") = "forward_list", "forward_list\forward_list.vcxproj", "{A5161180-77AF-4F88-9AF7-FC1A55D7E680}"
EndProject
Project("{8BC9CEB8-8B4A-11D0-8D11-00A0C91BC942}") = "tentamen_version1", "tentamen_version1\tentamen_version1.vcxproj", "{3BEB1BCC-61B9-48EE-9309-F0FCFA2C5FB4}"
EndProject
Global
	GlobalSection(SolutionConfigurationPlatforms) = preSolution
		Debug|Win32 = Debug|Win32
		Release|Win32 = Release|Win32
	EndGlobalSection
	GlobalSection(ProjectConfigurationPlatforms) = postSolution
		{1A3279A8-AB11-4DD7-ABCF-5FB46C547F17}.Debug|Win32.ActiveCfg = Debug|Win32
		{1A3279A8-AB11-4DD7-ABCF-5FB46C547F17}.Debug|Win32.Build.0 = Debug|Win32
		{1A3279A8-AB11-4DD7-ABCF-5FB46C547F17}.Release|Win32.ActiveCfg = Release|Win32
		{1A3279A8-AB11-4DD7-ABCF-5FB46C547F17}.Release|Win32.Build.0 = Release|Win32
		{5ADCBD71-BFB0-486C-8B23-76643DD02AB1}.Debug|Win32.ActiveCfg = Debug|Win32
		{5ADCBD71-BFB0-486C-8B23-76643DD02AB1}.Debug|Win32.Build.0 = Debug|Win32
		{5ADCBD71-BFB0-486C-8B23-76643DD02AB1}.Release|Win32.ActiveCfg = Release|Win32
		{5ADCBD71-BFB0-486C-8B23-76643DD02AB1}.Release|Win32.Build.0 = Release|Win32
		{D4E1F9EA-8FCD-41F2-B606-B2BE1FEA273D}.Debug|Win32.ActiveCfg = Debug|Win32
		{D4E1F9EA-8FCD-41F2-B606-B2BE1FEA273D}.Debug|Win32.Build.0 = Debug|Win32
		{D4E1F9EA-8FCD-41F2-B606-B2BE1FEA273D}.Release|Win32.ActiveCfg = Release|Win32
		{D4E1F9EA-8FCD-41F2-B606-B2BE1FEA273D}.Release|Win32.Build.0 = Release|Win32
		{8B64CD2C-CC32-418D-AA20-D08C2CC2FAF7}.Debug|Win32.ActiveCfg = Debug|Win32
		{8B64CD2C-CC32-418D-AA20-D08C2CC2FAF7}.Debug|Win32.Build.0 = Debug|Win32
		{8B64CD2C-CC32-418D-AA20-D08C2CC2FAF7}.Release|Win32.ActiveCfg = Release|Win32
		{8B64CD2C-CC32-418D-AA20-D08C2CC2FAF7}.Release|Win32.Build.0 = Release|Win32
		{D583BE98-AF1F-4287-92B1-0BBBC55F3848}.Debug|Win32.ActiveCfg = Debug|Win32
		{D583BE98-AF1F-4287-92B1-0BBBC55F3848}.Debug|Win32.Build.0 = Debug|Win32
		{D583BE98-AF1F-4287-92B1-0BBBC55F3848}.Release|Win32.ActiveCfg = Release|Win32
		{D583BE98-AF1F-4287-92B1-0BBBC55F3848}.Release|Win32.Build.0 = Release|Win32
		{A5161180-77AF-4F88-9AF7-FC1A55D7E680}.Debug|Win32.ActiveCfg = Debug|Win32
		{A5161180-77AF-4F88-9AF7-FC1A55D7E680}.Debug|Win32.Build.0 = Debug|Win32
		{A5161180-77AF-4F88-9AF7-FC1A55D7E680}.Release|Win32.ActiveCfg = Release|Win32
		{A5161180-77AF-4F88-9AF7-FC1A55D7E680}.Release|Win32.Build.0 = Release|Win32
		{3BEB1BCC-61B9-48EE-9309-F0FCFA2C5FB4}.Debug|Win32.ActiveCfg = Debug|Win32
		{3BEB1BCC-61B9-48EE-9309-F0FCFA2C5FB4}.Debug|Win32.Build.0 = Debug|Win32
		{3BEB1BCC-61B9-48EE-9309-F0FCFA2C5FB4}.Release|Win32.ActiveCfg = Release|Win32
		{3BEB1BCC-61B9-48EE-9309-F0FCFA2C5FB4}.Release|Win32.Build.0 = Release|Win32
	EndGlobalSection
	GlobalSection(SolutionProperties) = preSolution
		HideSolutionNode = FALSE
	EndGlobalSection
EndGlobal
